
Microsoft Visual Studio Solution File, Format Version 12.00
# Visual Studio 14
VisualStudioVersion = 14.0.25420.1
MinimumVisualStudioVersion = 10.0.40219.1
Project("{FAE04EC0-301F-11D3-BF4B-00C04F79EFBC}") = "BT2", "BT2\BT2.csproj", "{FC332963-DA9D-41AC-9BC3-DB73AD6025A8}"
EndProject
Project("{FAE04EC0-301F-11D3-BF4B-00C04F79EFBC}") = "BT3", "BT3\BT3.csproj", "{0FD44EBD-2094-4CE4-A333-0A27F7293788}"
EndProject
Global
	GlobalSection(SolutionConfigurationPlatforms) = preSolution
		Debug|Any CPU = Debug|Any CPU
		Release|Any CPU = Release|Any CPU
	EndGlobalSection
	GlobalSection(ProjectConfigurationPlatforms) = postSolution
		{FC332963-DA9D-41AC-9BC3-DB73AD6025A8}.Debug|Any CPU.ActiveCfg = Debug|Any CPU
		{FC332963-DA9D-41AC-9BC3-DB73AD6025A8}.Debug|Any CPU.Build.0 = Debug|Any CPU
		{FC332963-DA9D-41AC-9BC3-DB73AD6025A8}.Release|Any CPU.ActiveCfg = Release|Any CPU
		{FC332963-DA9D-41AC-9BC3-DB73AD6025A8}.Release|Any CPU.Build.0 = Release|Any CPU
		{0FD44EBD-2094-4CE4-A333-0A27F7293788}.Debug|Any CPU.ActiveCfg = Debug|Any CPU
		{0FD44EBD-2094-4CE4-A333-0A27F7293788}.Debug|Any CPU.Build.0 = Debug|Any CPU
		{0FD44EBD-2094-4CE4-A333-0A27F7293788}.Release|Any CPU.ActiveCfg = Release|Any CPU
		{0FD44EBD-2094-4CE4-A333-0A27F7293788}.Release|Any CPU.Build.0 = Release|Any CPU
	EndGlobalSection
	GlobalSection(SolutionProperties) = preSolution
		HideSolutionNode = FALSE
	EndGlobalSection
EndGlobal
